// !$*UTF8*$!
{
	archiveVersion = 1;
	classes = {
	};
	objectVersion = 50;
	objects = {

/* Begin PBXBuildFile section */
		020EC2DD244634F600E5A33C /* AppDelegate.swift in Sources */ = {isa = PBXBuildFile; fileRef = 020EC2DC244634F600E5A33C /* AppDelegate.swift */; };
		020EC2DF244634F600E5A33C /* SceneDelegate.swift in Sources */ = {isa = PBXBuildFile; fileRef = 020EC2DE244634F600E5A33C /* SceneDelegate.swift */; };
		020EC2E1244634F600E5A33C /* UsersViewController.swift in Sources */ = {isa = PBXBuildFile; fileRef = 020EC2E0244634F600E5A33C /* UsersViewController.swift */; };
		020EC2E4244634F600E5A33C /* Main.storyboard in Resources */ = {isa = PBXBuildFile; fileRef = 020EC2E2244634F600E5A33C /* Main.storyboard */; };
		020EC2E6244634F800E5A33C /* Assets.xcassets in Resources */ = {isa = PBXBuildFile; fileRef = 020EC2E5244634F800E5A33C /* Assets.xcassets */; };
		020EC2E9244634F800E5A33C /* LaunchScreen.storyboard in Resources */ = {isa = PBXBuildFile; fileRef = 020EC2E7244634F800E5A33C /* LaunchScreen.storyboard */; };
		020EC2F12446359D00E5A33C /* UserInfoViewController.swift in Sources */ = {isa = PBXBuildFile; fileRef = 020EC2F02446359D00E5A33C /* UserInfoViewController.swift */; };
		020EC2F32446362B00E5A33C /* UserModel.swift in Sources */ = {isa = PBXBuildFile; fileRef = 020EC2F22446362B00E5A33C /* UserModel.swift */; };
		020EC2F52446363B00E5A33C /* RepositoryModel.swift in Sources */ = {isa = PBXBuildFile; fileRef = 020EC2F42446363B00E5A33C /* RepositoryModel.swift */; };
		020EC2F72446374A00E5A33C /* GitAPI.swift in Sources */ = {isa = PBXBuildFile; fileRef = 020EC2F62446374A00E5A33C /* GitAPI.swift */; };
		020EC2F92446376200E5A33C /* GitService.swift in Sources */ = {isa = PBXBuildFile; fileRef = 020EC2F82446376200E5A33C /* GitService.swift */; };
		02E4E62E2447002900218E2F /* UsersViewModel.swift in Sources */ = {isa = PBXBuildFile; fileRef = 02E4E62D2447002900218E2F /* UsersViewModel.swift */; };
		02E4E6312447004200218E2F /* UserInfoViewModel.swift in Sources */ = {isa = PBXBuildFile; fileRef = 02E4E6302447004200218E2F /* UserInfoViewModel.swift */; };
		02E4E6332447058600218E2F /* UserTableCell.swift in Sources */ = {isa = PBXBuildFile; fileRef = 02E4E6322447058600218E2F /* UserTableCell.swift */; };
		02E4E63524471B6B00218E2F /* RepoTableCell.swift in Sources */ = {isa = PBXBuildFile; fileRef = 02E4E63424471B6B00218E2F /* RepoTableCell.swift */; };
		02E4E63824476B0D00218E2F /* URL+Extension.swift in Sources */ = {isa = PBXBuildFile; fileRef = 02E4E63724476B0D00218E2F /* URL+Extension.swift */; };
/* End PBXBuildFile section */

/* Begin PBXFileReference section */
		020EC2D9244634F600E5A33C /* CodyFTMobileAssign.app */ = {isa = PBXFileReference; explicitFileType = wrapper.application; includeInIndex = 0; path = CodyFTMobileAssign.app; sourceTree = BUILT_PRODUCTS_DIR; };
		020EC2DC244634F600E5A33C /* AppDelegate.swift */ = {isa = PBXFileReference; lastKnownFileType = sourcecode.swift; path = AppDelegate.swift; sourceTree = "<group>"; };
		020EC2DE244634F600E5A33C /* SceneDelegate.swift */ = {isa = PBXFileReference; lastKnownFileType = sourcecode.swift; path = SceneDelegate.swift; sourceTree = "<group>"; };
		020EC2E0244634F600E5A33C /* UsersViewController.swift */ = {isa = PBXFileReference; lastKnownFileType = sourcecode.swift; path = UsersViewController.swift; sourceTree = "<group>"; };
		020EC2E3244634F600E5A33C /* Base */ = {isa = PBXFileReference; lastKnownFileType = file.storyboard; name = Base; path = Base.lproj/Main.storyboard; sourceTree = "<group>"; };
		020EC2E5244634F800E5A33C /* Assets.xcassets */ = {isa = PBXFileReference; lastKnownFileType = folder.assetcatalog; path = Assets.xcassets; sourceTree = "<group>"; };
		020EC2E8244634F800E5A33C /* Base */ = {isa = PBXFileReference; lastKnownFileType = file.storyboard; name = Base; path = Base.lproj/LaunchScreen.storyboard; sourceTree = "<group>"; };
		020EC2EA244634F800E5A33C /* Info.plist */ = {isa = PBXFileReference; lastKnownFileType = text.plist.xml; path = Info.plist; sourceTree = "<group>"; };
		020EC2F02446359D00E5A33C /* UserInfoViewController.swift */ = {isa = PBXFileReference; lastKnownFileType = sourcecode.swift; path = UserInfoViewController.swift; sourceTree = "<group>"; };
		020EC2F22446362B00E5A33C /* UserModel.swift */ = {isa = PBXFileReference; lastKnownFileType = sourcecode.swift; path = UserModel.swift; sourceTree = "<group>"; };
		020EC2F42446363B00E5A33C /* RepositoryModel.swift */ = {isa = PBXFileReference; lastKnownFileType = sourcecode.swift; path = RepositoryModel.swift; sourceTree = "<group>"; };
		020EC2F62446374A00E5A33C /* GitAPI.swift */ = {isa = PBXFileReference; lastKnownFileType = sourcecode.swift; path = GitAPI.swift; sourceTree = "<group>"; };
		020EC2F82446376200E5A33C /* GitService.swift */ = {isa = PBXFileReference; lastKnownFileType = sourcecode.swift; path = GitService.swift; sourceTree = "<group>"; };
		02E4E62D2447002900218E2F /* UsersViewModel.swift */ = {isa = PBXFileReference; lastKnownFileType = sourcecode.swift; path = UsersViewModel.swift; sourceTree = "<group>"; };
		02E4E6302447004200218E2F /* UserInfoViewModel.swift */ = {isa = PBXFileReference; lastKnownFileType = sourcecode.swift; path = UserInfoViewModel.swift; sourceTree = "<group>"; };
		02E4E6322447058600218E2F /* UserTableCell.swift */ = {isa = PBXFileReference; lastKnownFileType = sourcecode.swift; path = UserTableCell.swift; sourceTree = "<group>"; };
		02E4E63424471B6B00218E2F /* RepoTableCell.swift */ = {isa = PBXFileReference; lastKnownFileType = sourcecode.swift; path = RepoTableCell.swift; sourceTree = "<group>"; };
		02E4E63724476B0D00218E2F /* URL+Extension.swift */ = {isa = PBXFileReference; lastKnownFileType = sourcecode.swift; path = "URL+Extension.swift"; sourceTree = "<group>"; };
/* End PBXFileReference section */

/* Begin PBXFrameworksBuildPhase section */
		020EC2D6244634F600E5A33C /* Frameworks */ = {
			isa = PBXFrameworksBuildPhase;
			buildActionMask = 2147483647;
			files = (
			);
			runOnlyForDeploymentPostprocessing = 0;
		};
/* End PBXFrameworksBuildPhase section */

/* Begin PBXGroup section */
		020EC2D0244634F600E5A33C = {
			isa = PBXGroup;
			children = (
				020EC2DB244634F600E5A33C /* CodyFTMobileAssign */,
				020EC2DA244634F600E5A33C /* Products */,
			);
			sourceTree = "<group>";
		};
		020EC2DA244634F600E5A33C /* Products */ = {
			isa = PBXGroup;
			children = (
				020EC2D9244634F600E5A33C /* CodyFTMobileAssign.app */,
			);
			name = Products;
			sourceTree = "<group>";
		};
		020EC2DB244634F600E5A33C /* CodyFTMobileAssign */ = {
			isa = PBXGroup;
			children = (
				020EC2FD24463A0000E5A33C /* Models */,
				0235BA4B244640BA00301C53 /* Views */,
				02E4E62B2447000800218E2F /* ViewModel */,
				020EC2FA244639E500E5A33C /* Service */,
				02E4E63624476ACD00218E2F /* Extensions */,
				020EC2DE244634F600E5A33C /* SceneDelegate.swift */,
				020EC2DC244634F600E5A33C /* AppDelegate.swift */,
				020EC2E5244634F800E5A33C /* Assets.xcassets */,
				020EC2EA244634F800E5A33C /* Info.plist */,
			);
			path = CodyFTMobileAssign;
			sourceTree = "<group>";
		};
		020EC2FA244639E500E5A33C /* Service */ = {
			isa = PBXGroup;
			children = (
				020EC2F82446376200E5A33C /* GitService.swift */,
				020EC2F62446374A00E5A33C /* GitAPI.swift */,
			);
			path = Service;
			sourceTree = "<group>";
		};
		020EC2FB244639F200E5A33C /* Storyboards */ = {
			isa = PBXGroup;
			children = (
				020EC2E2244634F600E5A33C /* Main.storyboard */,
				020EC2E7244634F800E5A33C /* LaunchScreen.storyboard */,
			);
			path = Storyboards;
			sourceTree = "<group>";
		};
		020EC2FC244639FA00E5A33C /* ViewController */ = {
			isa = PBXGroup;
			children = (
				020EC2E0244634F600E5A33C /* UsersViewController.swift */,
				020EC2F02446359D00E5A33C /* UserInfoViewController.swift */,
			);
			path = ViewController;
			sourceTree = "<group>";
		};
		020EC2FD24463A0000E5A33C /* Models */ = {
			isa = PBXGroup;
			children = (
				020EC2F22446362B00E5A33C /* UserModel.swift */,
				020EC2F42446363B00E5A33C /* RepositoryModel.swift */,
			);
			path = Models;
			sourceTree = "<group>";
		};
		0235BA4B244640BA00301C53 /* Views */ = {
			isa = PBXGroup;
			children = (
				020EC2FC244639FA00E5A33C /* ViewController */,
				020EC2FB244639F200E5A33C /* Storyboards */,
				0235BA4C244640C000301C53 /* Cells */,
			);
			path = Views;
			sourceTree = "<group>";
		};
		0235BA4C244640C000301C53 /* Cells */ = {
			isa = PBXGroup;
			children = (
				02E4E6322447058600218E2F /* UserTableCell.swift */,
				02E4E63424471B6B00218E2F /* RepoTableCell.swift */,
			);
			path = Cells;
			sourceTree = "<group>";
		};
		02E4E62B2447000800218E2F /* ViewModel */ = {
			isa = PBXGroup;
			children = (
				02E4E62D2447002900218E2F /* UsersViewModel.swift */,
				02E4E6302447004200218E2F /* UserInfoViewModel.swift */,
			);
			path = ViewModel;
			sourceTree = "<group>";
		};
		02E4E63624476ACD00218E2F /* Extensions */ = {
			isa = PBXGroup;
			children = (
				02E4E63724476B0D00218E2F /* URL+Extension.swift */,
			);
			path = Extensions;
			sourceTree = "<group>";
		};
/* End PBXGroup section */

/* Begin PBXNativeTarget section */
		020EC2D8244634F600E5A33C /* CodyFTMobileAssign */ = {
			isa = PBXNativeTarget;
			buildConfigurationList = 020EC2ED244634F800E5A33C /* Build configuration list for PBXNativeTarget "CodyFTMobileAssign" */;
			buildPhases = (
				020EC2D5244634F600E5A33C /* Sources */,
				020EC2D6244634F600E5A33C /* Frameworks */,
				020EC2D7244634F600E5A33C /* Resources */,
			);
			buildRules = (
			);
			dependencies = (
			);
			name = CodyFTMobileAssign;
			productName = CodyFTMobileAssign;
			productReference = 020EC2D9244634F600E5A33C /* CodyFTMobileAssign.app */;
			productType = "com.apple.product-type.application";
		};
/* End PBXNativeTarget section */

/* Begin PBXProject section */
		020EC2D1244634F600E5A33C /* Project object */ = {
			isa = PBXProject;
			attributes = {
				LastSwiftUpdateCheck = 1140;
				LastUpgradeCheck = 1140;
				ORGANIZATIONNAME = consultant;
				TargetAttributes = {
					020EC2D8244634F600E5A33C = {
						CreatedOnToolsVersion = 11.4;
					};
				};
			};
			buildConfigurationList = 020EC2D4244634F600E5A33C /* Build configuration list for PBXProject "CodyFTMobileAssign" */;
			compatibilityVersion = "Xcode 9.3";
			developmentRegion = en;
			hasScannedForEncodings = 0;
			knownRegions = (
				en,
				Base,
			);
			mainGroup = 020EC2D0244634F600E5A33C;
			productRefGroup = 020EC2DA244634F600E5A33C /* Products */;
			projectDirPath = "";
			projectRoot = "";
			targets = (
				020EC2D8244634F600E5A33C /* CodyFTMobileAssign */,
			);
		};
/* End PBXProject section */

/* Begin PBXResourcesBuildPhase section */
		020EC2D7244634F600E5A33C /* Resources */ = {
			isa = PBXResourcesBuildPhase;
			buildActionMask = 2147483647;
			files = (
				020EC2E9244634F800E5A33C /* LaunchScreen.storyboard in Resources */,
				020EC2E6244634F800E5A33C /* Assets.xcassets in Resources */,
				020EC2E4244634F600E5A33C /* Main.storyboard in Resources */,
			);
			runOnlyForDeploymentPostprocessing = 0;
		};
/* End PBXResourcesBuildPhase section */

/* Begin PBXSourcesBuildPhase section */
		020EC2D5244634F600E5A33C /* Sources */ = {
			isa = PBXSourcesBuildPhase;
			buildActionMask = 2147483647;
			files = (
				020EC2E1244634F600E5A33C /* UsersViewController.swift in Sources */,
				020EC2F72446374A00E5A33C /* GitAPI.swift in Sources */,
				020EC2F12446359D00E5A33C /* UserInfoViewController.swift in Sources */,
				02E4E6312447004200218E2F /* UserInfoViewModel.swift in Sources */,
				02E4E63524471B6B00218E2F /* RepoTableCell.swift in Sources */,
				020EC2DD244634F600E5A33C /* AppDelegate.swift in Sources */,
				020EC2F52446363B00E5A33C /* RepositoryModel.swift in Sources */,
				02E4E6332447058600218E2F /* UserTableCell.swift in Sources */,
				02E4E63824476B0D00218E2F /* URL+Extension.swift in Sources */,
				020EC2F32446362B00E5A33C /* UserModel.swift in Sources */,
				020EC2F92446376200E5A33C /* GitService.swift in Sources */,
				020EC2DF244634F600E5A33C /* SceneDelegate.swift in Sources */,
				02E4E62E2447002900218E2F /* UsersViewModel.swift in Sources */,
			);
			runOnlyForDeploymentPostprocessing = 0;
		};
/* End PBXSourcesBuildPhase section */

/* Begin PBXVariantGroup section */
		020EC2E2244634F600E5A33C /* Main.storyboard */ = {
			isa = PBXVariantGroup;
			children = (
				020EC2E3244634F600E5A33C /* Base */,
			);
			name = Main.storyboard;
			sourceTree = "<group>";
		};
		020EC2E7244634F800E5A33C /* LaunchScreen.storyboard */ = {
			isa = PBXVariantGroup;
			children = (
				020EC2E8244634F800E5A33C /* Base */,
			);
			name = LaunchScreen.storyboard;
			sourceTree = "<group>";
		};
/* End PBXVariantGroup section */

/* Begin XCBuildConfiguration section */
		020EC2EB244634F800E5A33C /* Debug */ = {
			isa = XCBuildConfiguration;
			buildSettings = {
				ALWAYS_SEARCH_USER_PATHS = NO;
				CLANG_ANALYZER_NONNULL = YES;
				CLANG_ANALYZER_NUMBER_OBJECT_CONVERSION = YES_AGGRESSIVE;
				CLANG_CXX_LANGUAGE_STANDARD = "gnu++14";
				CLANG_CXX_LIBRARY = "libc++";
				CLANG_ENABLE_MODULES = YES;
				CLANG_ENABLE_OBJC_ARC = YES;
				CLANG_ENABLE_OBJC_WEAK = YES;
				CLANG_WARN_BLOCK_CAPTURE_AUTORELEASING = YES;
				CLANG_WARN_BOOL_CONVERSION = YES;
				CLANG_WARN_COMMA = YES;
				CLANG_WARN_CONSTANT_CONVERSION = YES;
				CLANG_WARN_DEPRECATED_OBJC_IMPLEMENTATIONS = YES;
				CLANG_WARN_DIRECT_OBJC_ISA_USAGE = YES_ERROR;
				CLANG_WARN_DOCUMENTATION_COMMENTS = YES;
				CLANG_WARN_EMPTY_BODY = YES;
				CLANG_WARN_ENUM_CONVERSION = YES;
				CLANG_WARN_INFINITE_RECURSION = YES;
				CLANG_WARN_INT_CONVERSION = YES;
				CLANG_WARN_NON_LITERAL_NULL_CONVERSION = YES;
				CLANG_WARN_OBJC_IMPLICIT_RETAIN_SELF = YES;
				CLANG_WARN_OBJC_LITERAL_CONVERSION = YES;
				CLANG_WARN_OBJC_ROOT_CLASS = YES_ERROR;
				CLANG_WARN_RANGE_LOOP_ANALYSIS = YES;
				CLANG_WARN_STRICT_PROTOTYPES = YES;
				CLANG_WARN_SUSPICIOUS_MOVE = YES;
				CLANG_WARN_UNGUARDED_AVAILABILITY = YES_AGGRESSIVE;
				CLANG_WARN_UNREACHABLE_CODE = YES;
				CLANG_WARN__DUPLICATE_METHOD_MATCH = YES;
				COPY_PHASE_STRIP = NO;
				DEBUG_INFORMATION_FORMAT = dwarf;
				ENABLE_STRICT_OBJC_MSGSEND = YES;
				ENABLE_TESTABILITY = YES;
				GCC_C_LANGUAGE_STANDARD = gnu11;
				GCC_DYNAMIC_NO_PIC = NO;
				GCC_NO_COMMON_BLOCKS = YES;
				GCC_OPTIMIZATION_LEVEL = 0;
				GCC_PREPROCESSOR_DEFINITIONS = (
					"DEBUG=1",
					"$(inherited)",
				);
				GCC_WARN_64_TO_32_BIT_CONVERSION = YES;
				GCC_WARN_ABOUT_RETURN_TYPE = YES_ERROR;
				GCC_WARN_UNDECLARED_SELECTOR = YES;
				GCC_WARN_UNINITIALIZED_AUTOS = YES_AGGRESSIVE;
				GCC_WARN_UNUSED_FUNCTION = YES;
				GCC_WARN_UNUSED_VARIABLE = YES;
				IPHONEOS_DEPLOYMENT_TARGET = 13.4;
				MTL_ENABLE_DEBUG_INFO = INCLUDE_SOURCE;
				MTL_FAST_MATH = YES;
				ONLY_ACTIVE_ARCH = YES;
				SDKROOT = iphoneos;
				SWIFT_ACTIVE_COMPILATION_CONDITIONS = DEBUG;
				SWIFT_OPTIMIZATION_LEVEL = "-Onone";
			};
			name = Debug;
		};
		020EC2EC244634F800E5A33C /* Release */ = {
			isa = XCBuildConfiguration;
			buildSettings = {
				ALWAYS_SEARCH_USER_PATHS = NO;
				CLANG_ANALYZER_NONNULL = YES;
				CLANG_ANALYZER_NUMBER_OBJECT_CONVERSION = YES_AGGRESSIVE;
				CLANG_CXX_LANGUAGE_STANDARD = "gnu++14";
				CLANG_CXX_LIBRARY = "libc++";
				CLANG_ENABLE_MODULES = YES;
				CLANG_ENABLE_OBJC_ARC = YES;
				CLANG_ENABLE_OBJC_WEAK = YES;
				CLANG_WARN_BLOCK_CAPTURE_AUTORELEASING = YES;
				CLANG_WARN_BOOL_CONVERSION = YES;
				CLANG_WARN_COMMA = YES;
				CLANG_WARN_CONSTANT_CONVERSION = YES;
				CLANG_WARN_DEPRECATED_OBJC_IMPLEMENTATIONS = YES;
				CLANG_WARN_DIRECT_OBJC_ISA_USAGE = YES_ERROR;
				CLANG_WARN_DOCUMENTATION_COMMENTS = YES;
				CLANG_WARN_EMPTY_BODY = YES;
				CLANG_WARN_ENUM_CONVERSION = YES;
				CLANG_WARN_INFINITE_RECURSION = YES;
				CLANG_WARN_INT_CONVERSION = YES;
				CLANG_WARN_NON_LITERAL_NULL_CONVERSION = YES;
				CLANG_WARN_OBJC_IMPLICIT_RETAIN_SELF = YES;
				CLANG_WARN_OBJC_LITERAL_CONVERSION = YES;
				CLANG_WARN_OBJC_ROOT_CLASS = YES_ERROR;
				CLANG_WARN_RANGE_LOOP_ANALYSIS = YES;
				CLANG_WARN_STRICT_PROTOTYPES = YES;
				CLANG_WARN_SUSPICIOUS_MOVE = YES;
				CLANG_WARN_UNGUARDED_AVAILABILITY = YES_AGGRESSIVE;
				CLANG_WARN_UNREACHABLE_CODE = YES;
				CLANG_WARN__DUPLICATE_METHOD_MATCH = YES;
				COPY_PHASE_STRIP = NO;
				DEBUG_INFORMATION_FORMAT = "dwarf-with-dsym";
				ENABLE_NS_ASSERTIONS = NO;
				ENABLE_STRICT_OBJC_MSGSEND = YES;
				GCC_C_LANGUAGE_STANDARD = gnu11;
				GCC_NO_COMMON_BLOCKS = YES;
				GCC_WARN_64_TO_32_BIT_CONVERSION = YES;
				GCC_WARN_ABOUT_RETURN_TYPE = YES_ERROR;
				GCC_WARN_UNDECLARED_SELECTOR = YES;
				GCC_WARN_UNINITIALIZED_AUTOS = YES_AGGRESSIVE;
				GCC_WARN_UNUSED_FUNCTION = YES;
				GCC_WARN_UNUSED_VARIABLE = YES;
				IPHONEOS_DEPLOYMENT_TARGET = 13.4;
				MTL_ENABLE_DEBUG_INFO = NO;
				MTL_FAST_MATH = YES;
				SDKROOT = iphoneos;
				SWIFT_COMPILATION_MODE = wholemodule;
				SWIFT_OPTIMIZATION_LEVEL = "-O";
				VALIDATE_PRODUCT = YES;
			};
			name = Release;
		};
		020EC2EE244634F800E5A33C /* Debug */ = {
			isa = XCBuildConfiguration;
			buildSettings = {
				ASSETCATALOG_COMPILER_APPICON_NAME = AppIcon;
				CODE_SIGN_STYLE = Automatic;
				INFOPLIST_FILE = CodyFTMobileAssign/Info.plist;
				LD_RUNPATH_SEARCH_PATHS = (
					"$(inherited)",
					"@executable_path/Frameworks",
				);
				PRODUCT_BUNDLE_IDENTIFIER = consultant.CodyFTMobileAssign;
				PRODUCT_NAME = "$(TARGET_NAME)";
				SWIFT_VERSION = 5.0;
				TARGETED_DEVICE_FAMILY = "1,2";
			};
			name = Debug;
		};
		020EC2EF244634F800E5A33C /* Release */ = {
			isa = XCBuildConfiguration;
			buildSettings = {
				ASSETCATALOG_COMPILER_APPICON_NAME = AppIcon;
				CODE_SIGN_STYLE = Automatic;
				INFOPLIST_FILE = CodyFTMobileAssign/Info.plist;
				LD_RUNPATH_SEARCH_PATHS = (
					"$(inherited)",
					"@executable_path/Frameworks",
				);
				PRODUCT_BUNDLE_IDENTIFIER = consultant.CodyFTMobileAssign;
				PRODUCT_NAME = "$(TARGET_NAME)";
				SWIFT_VERSION = 5.0;
				TARGETED_DEVICE_FAMILY = "1,2";
			};
			name = Release;
		};
/* End XCBuildConfiguration section */

/* Begin XCConfigurationList section */
		020EC2D4244634F600E5A33C /* Build configuration list for PBXProject "CodyFTMobileAssign" */ = {
			isa = XCConfigurationList;
			buildConfigurations = (
				020EC2EB244634F800E5A33C /* Debug */,
				020EC2EC244634F800E5A33C /* Release */,
			);
			defaultConfigurationIsVisible = 0;
			defaultConfigurationName = Release;
		};
		020EC2ED244634F800E5A33C /* Build configuration list for PBXNativeTarget "CodyFTMobileAssign" */ = {
			isa = XCConfigurationList;
			buildConfigurations = (
				020EC2EE244634F800E5A33C /* Debug */,
				020EC2EF244634F800E5A33C /* Release */,
			);
			defaultConfigurationIsVisible = 0;
			defaultConfigurationName = Release;
		};
/* End XCConfigurationList section */
	};
	rootObject = 020EC2D1244634F600E5A33C /* Project object */;
}
